// !$*UTF8*$!
{
	archiveVersion = 1;
	classes = {
	};
	objectVersion = 46;
	objects = {

/* Begin PBXBuildFile section */
		293932921EA63F6600D3AE30 /* CLionViewController.swift in Sources */ = {isa = PBXBuildFile; fileRef = 293932911EA63F6600D3AE30 /* CLionViewController.swift */; };
		29F8D53B1EA443E900C20471 /* AppDelegate.swift in Sources */ = {isa = PBXBuildFile; fileRef = 29F8D53A1EA443E900C20471 /* AppDelegate.swift */; };
		29F8D5401EA443E900C20471 /* Main.storyboard in Resources */ = {isa = PBXBuildFile; fileRef = 29F8D53E1EA443E900C20471 /* Main.storyboard */; };
		29F8D5421EA443E900C20471 /* Assets.xcassets in Resources */ = {isa = PBXBuildFile; fileRef = 29F8D5411EA443E900C20471 /* Assets.xcassets */; };
		29F8D5451EA443E900C20471 /* LaunchScreen.storyboard in Resources */ = {isa = PBXBuildFile; fileRef = 29F8D5431EA443E900C20471 /* LaunchScreen.storyboard */; };
		29F8D5511EA45CFF00C20471 /* MCTableViewController.swift in Sources */ = {isa = PBXBuildFile; fileRef = 29F8D5501EA45CFF00C20471 /* MCTableViewController.swift */; };
		29F8D5531EA45DE800C20471 /* MCServiceManager.swift in Sources */ = {isa = PBXBuildFile; fileRef = 29F8D5521EA45DE800C20471 /* MCServiceManager.swift */; };
		29F8D5551EA4682900C20471 /* PadViewController.swift in Sources */ = {isa = PBXBuildFile; fileRef = 29F8D5541EA4682900C20471 /* PadViewController.swift */; };
		29F8D5571EA46A4600C20471 /* padTableViewCell.swift in Sources */ = {isa = PBXBuildFile; fileRef = 29F8D5561EA46A4600C20471 /* padTableViewCell.swift */; };
/* End PBXBuildFile section */

/* Begin PBXFileReference section */
		293932911EA63F6600D3AE30 /* CLionViewController.swift */ = {isa = PBXFileReference; fileEncoding = 4; lastKnownFileType = sourcecode.swift; path = CLionViewController.swift; sourceTree = "<group>"; };
		29F8D5371EA443E900C20471 /* TouchMore.app */ = {isa = PBXFileReference; explicitFileType = wrapper.application; includeInIndex = 0; path = TouchMore.app; sourceTree = BUILT_PRODUCTS_DIR; };
		29F8D53A1EA443E900C20471 /* AppDelegate.swift */ = {isa = PBXFileReference; lastKnownFileType = sourcecode.swift; path = AppDelegate.swift; sourceTree = "<group>"; };
		29F8D53F1EA443E900C20471 /* Base */ = {isa = PBXFileReference; lastKnownFileType = file.storyboard; name = Base; path = Base.lproj/Main.storyboard; sourceTree = "<group>"; };
		29F8D5411EA443E900C20471 /* Assets.xcassets */ = {isa = PBXFileReference; lastKnownFileType = folder.assetcatalog; path = Assets.xcassets; sourceTree = "<group>"; };
		29F8D5441EA443E900C20471 /* Base */ = {isa = PBXFileReference; lastKnownFileType = file.storyboard; name = Base; path = Base.lproj/LaunchScreen.storyboard; sourceTree = "<group>"; };
		29F8D5461EA443E900C20471 /* Info.plist */ = {isa = PBXFileReference; lastKnownFileType = text.plist.xml; path = Info.plist; sourceTree = "<group>"; };
		29F8D5501EA45CFF00C20471 /* MCTableViewController.swift */ = {isa = PBXFileReference; fileEncoding = 4; lastKnownFileType = sourcecode.swift; path = MCTableViewController.swift; sourceTree = "<group>"; };
		29F8D5521EA45DE800C20471 /* MCServiceManager.swift */ = {isa = PBXFileReference; fileEncoding = 4; lastKnownFileType = sourcecode.swift; path = MCServiceManager.swift; sourceTree = "<group>"; };
		29F8D5541EA4682900C20471 /* PadViewController.swift */ = {isa = PBXFileReference; fileEncoding = 4; lastKnownFileType = sourcecode.swift; path = PadViewController.swift; sourceTree = "<group>"; };
		29F8D5561EA46A4600C20471 /* padTableViewCell.swift */ = {isa = PBXFileReference; fileEncoding = 4; lastKnownFileType = sourcecode.swift; path = padTableViewCell.swift; sourceTree = "<group>"; };
/* End PBXFileReference section */

/* Begin PBXFrameworksBuildPhase section */
		29F8D5341EA443E900C20471 /* Frameworks */ = {
			isa = PBXFrameworksBuildPhase;
			buildActionMask = 2147483647;
			files = (
			);
			runOnlyForDeploymentPostprocessing = 0;
		};
/* End PBXFrameworksBuildPhase section */

/* Begin PBXGroup section */
		29F8D52E1EA443E900C20471 = {
			isa = PBXGroup;
			children = (
				29F8D5391EA443E900C20471 /* TouchMore */,
				29F8D5381EA443E900C20471 /* Products */,
			);
			sourceTree = "<group>";
		};
		29F8D5381EA443E900C20471 /* Products */ = {
			isa = PBXGroup;
			children = (
				29F8D5371EA443E900C20471 /* TouchMore.app */,
			);
			name = Products;
			sourceTree = "<group>";
		};
		29F8D5391EA443E900C20471 /* TouchMore */ = {
			isa = PBXGroup;
			children = (
				29F8D53A1EA443E900C20471 /* AppDelegate.swift */,
				29F8D53E1EA443E900C20471 /* Main.storyboard */,
				293932911EA63F6600D3AE30 /* CLionViewController.swift */,
				29F8D5561EA46A4600C20471 /* padTableViewCell.swift */,
				29F8D5541EA4682900C20471 /* PadViewController.swift */,
				29F8D5521EA45DE800C20471 /* MCServiceManager.swift */,
				29F8D5501EA45CFF00C20471 /* MCTableViewController.swift */,
				29F8D5411EA443E900C20471 /* Assets.xcassets */,
				29F8D5431EA443E900C20471 /* LaunchScreen.storyboard */,
				29F8D5461EA443E900C20471 /* Info.plist */,
			);
			path = TouchMore;
			sourceTree = "<group>";
		};
/* End PBXGroup section */

/* Begin PBXNativeTarget section */
		29F8D5361EA443E900C20471 /* TouchMore */ = {
			isa = PBXNativeTarget;
			buildConfigurationList = 29F8D5491EA443E900C20471 /* Build configuration list for PBXNativeTarget "TouchMore" */;
			buildPhases = (
				29F8D5331EA443E900C20471 /* Sources */,
				29F8D5341EA443E900C20471 /* Frameworks */,
				29F8D5351EA443E900C20471 /* Resources */,
			);
			buildRules = (
			);
			dependencies = (
			);
			name = TouchMore;
			productName = TouchMore;
			productReference = 29F8D5371EA443E900C20471 /* TouchMore.app */;
			productType = "com.apple.product-type.application";
		};
/* End PBXNativeTarget section */

/* Begin PBXProject section */
		29F8D52F1EA443E900C20471 /* Project object */ = {
			isa = PBXProject;
			attributes = {
				LastSwiftUpdateCheck = 0830;
				LastUpgradeCheck = 0830;
				ORGANIZATIONNAME = "戚培源";
				TargetAttributes = {
					29F8D5361EA443E900C20471 = {
						CreatedOnToolsVersion = 8.3.1;
						DevelopmentTeam = 3K24ZFVEUS;
						ProvisioningStyle = Automatic;
					};
				};
			};
			buildConfigurationList = 29F8D5321EA443E900C20471 /* Build configuration list for PBXProject "TouchMore" */;
			compatibilityVersion = "Xcode 3.2";
			developmentRegion = English;
			hasScannedForEncodings = 0;
			knownRegions = (
				en,
				Base,
			);
			mainGroup = 29F8D52E1EA443E900C20471;
			productRefGroup = 29F8D5381EA443E900C20471 /* Products */;
			projectDirPath = "";
			projectRoot = "";
			targets = (
				29F8D5361EA443E900C20471 /* TouchMore */,
			);
		};
/* End PBXProject section */

/* Begin PBXResourcesBuildPhase section */
		29F8D5351EA443E900C20471 /* Resources */ = {
			isa = PBXResourcesBuildPhase;
			buildActionMask = 2147483647;
			files = (
				29F8D5451EA443E900C20471 /* LaunchScreen.storyboard in Resources */,
				29F8D5421EA443E900C20471 /* Assets.xcassets in Resources */,
				29F8D5401EA443E900C20471 /* Main.storyboard in Resources */,
			);
			runOnlyForDeploymentPostprocessing = 0;
		};
/* End PBXResourcesBuildPhase section */

/* Begin PBXSourcesBuildPhase section */
		29F8D5331EA443E900C20471 /* Sources */ = {
			isa = PBXSourcesBuildPhase;
			buildActionMask = 2147483647;
			files = (
				29F8D5511EA45CFF00C20471 /* MCTableViewController.swift in Sources */,
				29F8D5531EA45DE800C20471 /* MCServiceManager.swift in Sources */,
				293932921EA63F6600D3AE30 /* CLionViewController.swift in Sources */,
				29F8D5551EA4682900C20471 /* PadViewController.swift in Sources */,
				29F8D53B1EA443E900C20471 /* AppDelegate.swift in Sources */,
				29F8D5571EA46A4600C20471 /* padTableViewCell.swift in Sources */,
			);
			runOnlyForDeploymentPostprocessing = 0;
		};
/* End PBXSourcesBuildPhase section */

/* Begin PBXVariantGroup section */
		29F8D53E1EA443E900C20471 /* Main.storyboard */ = {
			isa = PBXVariantGroup;
			children = (
				29F8D53F1EA443E900C20471 /* Base */,
			);
			name = Main.storyboard;
			sourceTree = "<group>";
		};
		29F8D5431EA443E900C20471 /* LaunchScreen.storyboard */ = {
			isa = PBXVariantGroup;
			children = (
				29F8D5441EA443E900C20471 /* Base */,
			);
			name = LaunchScreen.storyboard;
			sourceTree = "<group>";
		};
/* End PBXVariantGroup section */

/* Begin XCBuildConfiguration section */
		29F8D5471EA443E900C20471 /* Debug */ = {
			isa = XCBuildConfiguration;
			buildSettings = {
				ALWAYS_SEARCH_USER_PATHS = NO;
				CLANG_ANALYZER_NONNULL = YES;
				CLANG_ANALYZER_NUMBER_OBJECT_CONVERSION = YES_AGGRESSIVE;
				CLANG_CXX_LANGUAGE_STANDARD = "gnu++0x";
				CLANG_CXX_LIBRARY = "libc++";
				CLANG_ENABLE_MODULES = YES;
				CLANG_ENABLE_OBJC_ARC = YES;
				CLANG_WARN_BOOL_CONVERSION = YES;
				CLANG_WARN_CONSTANT_CONVERSION = YES;
				CLANG_WARN_DIRECT_OBJC_ISA_USAGE = YES_ERROR;
				CLANG_WARN_DOCUMENTATION_COMMENTS = YES;
				CLANG_WARN_EMPTY_BODY = YES;
				CLANG_WARN_ENUM_CONVERSION = YES;
				CLANG_WARN_INFINITE_RECURSION = YES;
				CLANG_WARN_INT_CONVERSION = YES;
				CLANG_WARN_OBJC_ROOT_CLASS = YES_ERROR;
				CLANG_WARN_SUSPICIOUS_MOVE = YES;
				CLANG_WARN_UNREACHABLE_CODE = YES;
				CLANG_WARN__DUPLICATE_METHOD_MATCH = YES;
				"CODE_SIGN_IDENTITY[sdk=iphoneos*]" = "iPhone Developer";
				COPY_PHASE_STRIP = NO;
				DEBUG_INFORMATION_FORMAT = dwarf;
				ENABLE_STRICT_OBJC_MSGSEND = YES;
				ENABLE_TESTABILITY = YES;
				GCC_C_LANGUAGE_STANDARD = gnu99;
				GCC_DYNAMIC_NO_PIC = NO;
				GCC_NO_COMMON_BLOCKS = YES;
				GCC_OPTIMIZATION_LEVEL = 0;
				GCC_PREPROCESSOR_DEFINITIONS = (
					"DEBUG=1",
					"$(inherited)",
				);
				GCC_WARN_64_TO_32_BIT_CONVERSION = YES;
				GCC_WARN_ABOUT_RETURN_TYPE = YES_ERROR;
				GCC_WARN_UNDECLARED_SELECTOR = YES;
				GCC_WARN_UNINITIALIZED_AUTOS = YES_AGGRESSIVE;
				GCC_WARN_UNUSED_FUNCTION = YES;
				GCC_WARN_UNUSED_VARIABLE = YES;
				IPHONEOS_DEPLOYMENT_TARGET = 10.3;
				MTL_ENABLE_DEBUG_INFO = YES;
				ONLY_ACTIVE_ARCH = YES;
				SDKROOT = iphoneos;
				SWIFT_ACTIVE_COMPILATION_CONDITIONS = DEBUG;
				SWIFT_OPTIMIZATION_LEVEL = "-Onone";
				TARGETED_DEVICE_FAMILY = "1,2";
			};
			name = Debug;
		};
		29F8D5481EA443E900C20471 /* Release */ = {
			isa = XCBuildConfiguration;
			buildSettings = {
				ALWAYS_SEARCH_USER_PATHS = NO;
				CLANG_ANALYZER_NONNULL = YES;
				CLANG_ANALYZER_NUMBER_OBJECT_CONVERSION = YES_AGGRESSIVE;
				CLANG_CXX_LANGUAGE_STANDARD = "gnu++0x";
				CLANG_CXX_LIBRARY = "libc++";
				CLANG_ENABLE_MODULES = YES;
				CLANG_ENABLE_OBJC_ARC = YES;
				CLANG_WARN_BOOL_CONVERSION = YES;
				CLANG_WARN_CONSTANT_CONVERSION = YES;
				CLANG_WARN_DIRECT_OBJC_ISA_USAGE = YES_ERROR;
				CLANG_WARN_DOCUMENTATION_COMMENTS = YES;
				CLANG_WARN_EMPTY_BODY = YES;
				CLANG_WARN_ENUM_CONVERSION = YES;
				CLANG_WARN_INFINITE_RECURSION = YES;
				CLANG_WARN_INT_CONVERSION = YES;
				CLANG_WARN_OBJC_ROOT_CLASS = YES_ERROR;
				CLANG_WARN_SUSPICIOUS_MOVE = YES;
				CLANG_WARN_UNREACHABLE_CODE = YES;
				CLANG_WARN__DUPLICATE_METHOD_MATCH = YES;
				"CODE_SIGN_IDENTITY[sdk=iphoneos*]" = "iPhone Developer";
				COPY_PHASE_STRIP = NO;
				DEBUG_INFORMATION_FORMAT = "dwarf-with-dsym";
				ENABLE_NS_ASSERTIONS = NO;
				ENABLE_STRICT_OBJC_MSGSEND = YES;
				GCC_C_LANGUAGE_STANDARD = gnu99;
				GCC_NO_COMMON_BLOCKS = YES;
				GCC_WARN_64_TO_32_BIT_CONVERSION = YES;
				GCC_WARN_ABOUT_RETURN_TYPE = YES_ERROR;
				GCC_WARN_UNDECLARED_SELECTOR = YES;
				GCC_WARN_UNINITIALIZED_AUTOS = YES_AGGRESSIVE;
				GCC_WARN_UNUSED_FUNCTION = YES;
				GCC_WARN_UNUSED_VARIABLE = YES;
				IPHONEOS_DEPLOYMENT_TARGET = 10.3;
				MTL_ENABLE_DEBUG_INFO = NO;
				SDKROOT = iphoneos;
				SWIFT_OPTIMIZATION_LEVEL = "-Owholemodule";
				TARGETED_DEVICE_FAMILY = "1,2";
				VALIDATE_PRODUCT = YES;
			};
			name = Release;
		};
		29F8D54A1EA443E900C20471 /* Debug */ = {
			isa = XCBuildConfiguration;
			buildSettings = {
				ASSETCATALOG_COMPILER_APPICON_NAME = AppIcon;
				DEVELOPMENT_TEAM = 3K24ZFVEUS;
				INFOPLIST_FILE = TouchMore/Info.plist;
				LD_RUNPATH_SEARCH_PATHS = "$(inherited) @executable_path/Frameworks";
				PRODUCT_BUNDLE_IDENTIFIER = tk.peiyuanqi.www.TouchMore;
				PRODUCT_NAME = "$(TARGET_NAME)";
				SWIFT_VERSION = 3.0;
			};
			name = Debug;
		};
		29F8D54B1EA443E900C20471 /* Release */ = {
			isa = XCBuildConfiguration;
			buildSettings = {
				ASSETCATALOG_COMPILER_APPICON_NAME = AppIcon;
				DEVELOPMENT_TEAM = 3K24ZFVEUS;
				INFOPLIST_FILE = TouchMore/Info.plist;
				LD_RUNPATH_SEARCH_PATHS = "$(inherited) @executable_path/Frameworks";
				PRODUCT_BUNDLE_IDENTIFIER = tk.peiyuanqi.www.TouchMore;
				PRODUCT_NAME = "$(TARGET_NAME)";
				SWIFT_VERSION = 3.0;
			};
			name = Release;
		};
/* End XCBuildConfiguration section */

/* Begin XCConfigurationList section */
		29F8D5321EA443E900C20471 /* Build configuration list for PBXProject "TouchMore" */ = {
			isa = XCConfigurationList;
			buildConfigurations = (
				29F8D5471EA443E900C20471 /* Debug */,
				29F8D5481EA443E900C20471 /* Release */,
			);
			defaultConfigurationIsVisible = 0;
			defaultConfigurationName = Release;
		};
		29F8D5491EA443E900C20471 /* Build configuration list for PBXNativeTarget "TouchMore" */ = {
			isa = XCConfigurationList;
			buildConfigurations = (
				29F8D54A1EA443E900C20471 /* Debug */,
				29F8D54B1EA443E900C20471 /* Release */,
			);
			defaultConfigurationIsVisible = 0;
			defaultConfigurationName = Release;
		};
/* End XCConfigurationList section */
	};
	rootObject = 29F8D52F1EA443E900C20471 /* Project object */;
}
